
Microsoft Visual Studio Solution File, Format Version 12.00
# Visual Studio Version 17
VisualStudioVersion = 17.0.32014.148
MinimumVisualStudioVersion = 10.0.40219.1
Project("{9A19103F-16F7-4668-BE54-9A1E7A4F7556}") = "Asp_core_practice", "Asp_core_practice.csproj", "{A7BCDCE8-2371-42F3-A474-1B2421F8BBBE}"
EndProject
Global
	GlobalSection(SolutionConfigurationPlatforms) = preSolution
		Debug|Any CPU = Debug|Any CPU
		Release|Any CPU = Release|Any CPU
	EndGlobalSection
	GlobalSection(ProjectConfigurationPlatforms) = postSolution
		{A7BCDCE8-2371-42F3-A474-1B2421F8BBBE}.Debug|Any CPU.ActiveCfg = Debug|Any CPU
		{A7BCDCE8-2371-42F3-A474-1B2421F8BBBE}.Debug|Any CPU.Build.0 = Debug|Any CPU
		{A7BCDCE8-2371-42F3-A474-1B2421F8BBBE}.Release|Any CPU.ActiveCfg = Release|Any CPU
		{A7BCDCE8-2371-42F3-A474-1B2421F8BBBE}.Release|Any CPU.Build.0 = Release|Any CPU
	EndGlobalSection
	GlobalSection(SolutionProperties) = preSolution
		HideSolutionNode = FALSE
	EndGlobalSection
	GlobalSection(ExtensibilityGlobals) = postSolution
		SolutionGuid = {B9AF3922-36C2-4294-A489-AB02C9833DC7}
	EndGlobalSection
EndGlobal
